// !$*UTF8*$!
{
	archiveVersion = 1;
	classes = {
	};
	objectVersion = 46;
	objects = {

/* Begin PBXBuildFile section */
		50EECAE015CAA82C006E54FA /* Cocoa.framework in Frameworks */ = {isa = PBXBuildFile; fileRef = 50EECADF15CAA82C006E54FA /* Cocoa.framework */; };
		50EECAEA15CAA82C006E54FA /* InfoPlist.strings in Resources */ = {isa = PBXBuildFile; fileRef = 50EECAE815CAA82C006E54FA /* InfoPlist.strings */; };
		50EECAEC15CAA82C006E54FA /* main.m in Sources */ = {isa = PBXBuildFile; fileRef = 50EECAEB15CAA82C006E54FA /* main.m */; };
		50EECAF015CAA82C006E54FA /* Credits.rtf in Resources */ = {isa = PBXBuildFile; fileRef = 50EECAEE15CAA82C006E54FA /* Credits.rtf */; };
		50EECAF315CAA82C006E54FA /* AppDelegate.m in Sources */ = {isa = PBXBuildFile; fileRef = 50EECAF215CAA82C006E54FA /* AppDelegate.m */; };
		50EECAF615CAA82C006E54FA /* MainMenu.xib in Resources */ = {isa = PBXBuildFile; fileRef = 50EECAF415CAA82C006E54FA /* MainMenu.xib */; };
		F1403EE419F83F3D007086E2 /* myo.framework in Frameworks */ = {isa = PBXBuildFile; fileRef = F180BCE519F801B9005B29EF /* myo.framework */; };
		F1403EE519F83F3D007086E2 /* myo.framework in Copy Frameworks */ = {isa = PBXBuildFile; fileRef = F180BCE519F801B9005B29EF /* myo.framework */; settings = {ATTRIBUTES = (CodeSignOnCopy, RemoveHeadersOnCopy, ); }; };
		F180BCEB19F8031B005B29EF /* MyoHelper.mm in Sources */ = {isa = PBXBuildFile; fileRef = F180BCEA19F8031B005B29EF /* MyoHelper.mm */; };
		F1C7850419FBE3C4008C2668 /* Carbon.framework in Frameworks */ = {isa = PBXBuildFile; fileRef = F1C7850319FBE3C4008C2668 /* Carbon.framework */; };
/* End PBXBuildFile section */

/* Begin PBXCopyFilesBuildPhase section */
		50EECB0C15CAA86D006E54FA /* Copy Frameworks */ = {
			isa = PBXCopyFilesBuildPhase;
			buildActionMask = 2147483647;
			dstPath = "";
			dstSubfolderSpec = 10;
			files = (
				F1403EE519F83F3D007086E2 /* myo.framework in Copy Frameworks */,
			);
			name = "Copy Frameworks";
			runOnlyForDeploymentPostprocessing = 0;
		};
/* End PBXCopyFilesBuildPhase section */

/* Begin PBXFileReference section */
		50EECADB15CAA82C006E54FA /* MyoFy.app */ = {isa = PBXFileReference; explicitFileType = wrapper.application; includeInIndex = 0; path = MyoFy.app; sourceTree = BUILT_PRODUCTS_DIR; };
		50EECADF15CAA82C006E54FA /* Cocoa.framework */ = {isa = PBXFileReference; lastKnownFileType = wrapper.framework; name = Cocoa.framework; path = System/Library/Frameworks/Cocoa.framework; sourceTree = SDKROOT; };
		50EECAE215CAA82C006E54FA /* AppKit.framework */ = {isa = PBXFileReference; lastKnownFileType = wrapper.framework; name = AppKit.framework; path = System/Library/Frameworks/AppKit.framework; sourceTree = SDKROOT; };
		50EECAE315CAA82C006E54FA /* CoreData.framework */ = {isa = PBXFileReference; lastKnownFileType = wrapper.framework; name = CoreData.framework; path = System/Library/Frameworks/CoreData.framework; sourceTree = SDKROOT; };
		50EECAE415CAA82C006E54FA /* Foundation.framework */ = {isa = PBXFileReference; lastKnownFileType = wrapper.framework; name = Foundation.framework; path = System/Library/Frameworks/Foundation.framework; sourceTree = SDKROOT; };
		50EECAE715CAA82C006E54FA /* MyoFy-Info.plist */ = {isa = PBXFileReference; lastKnownFileType = text.plist.xml; path = "MyoFy-Info.plist"; sourceTree = "<group>"; };
		50EECAE915CAA82C006E54FA /* en */ = {isa = PBXFileReference; lastKnownFileType = text.plist.strings; name = en; path = en.lproj/InfoPlist.strings; sourceTree = "<group>"; };
		50EECAEB15CAA82C006E54FA /* main.m */ = {isa = PBXFileReference; lastKnownFileType = sourcecode.c.objc; path = main.m; sourceTree = "<group>"; };
		50EECAED15CAA82C006E54FA /* MyoFy-Prefix.pch */ = {isa = PBXFileReference; lastKnownFileType = sourcecode.c.h; path = "MyoFy-Prefix.pch"; sourceTree = "<group>"; };
		50EECAEF15CAA82C006E54FA /* en */ = {isa = PBXFileReference; lastKnownFileType = text.rtf; name = en; path = en.lproj/Credits.rtf; sourceTree = "<group>"; };
		50EECAF115CAA82C006E54FA /* AppDelegate.h */ = {isa = PBXFileReference; lastKnownFileType = sourcecode.c.h; path = AppDelegate.h; sourceTree = "<group>"; };
		50EECAF215CAA82C006E54FA /* AppDelegate.m */ = {isa = PBXFileReference; lastKnownFileType = sourcecode.c.objc; path = AppDelegate.m; sourceTree = "<group>"; };
		50EECAF515CAA82C006E54FA /* en */ = {isa = PBXFileReference; lastKnownFileType = file.xib; name = en; path = en.lproj/MainMenu.xib; sourceTree = "<group>"; };
		F180BCE519F801B9005B29EF /* myo.framework */ = {isa = PBXFileReference; lastKnownFileType = wrapper.framework; name = myo.framework; path = MyoFy/myo.framework; sourceTree = "<group>"; };
		F180BCE919F8031B005B29EF /* MyoHelper.h */ = {isa = PBXFileReference; fileEncoding = 4; lastKnownFileType = sourcecode.c.h; path = MyoHelper.h; sourceTree = "<group>"; };
		F180BCEA19F8031B005B29EF /* MyoHelper.mm */ = {isa = PBXFileReference; fileEncoding = 4; lastKnownFileType = sourcecode.cpp.objcpp; path = MyoHelper.mm; sourceTree = "<group>"; };
		F1C7850319FBE3C4008C2668 /* Carbon.framework */ = {isa = PBXFileReference; lastKnownFileType = wrapper.framework; name = Carbon.framework; path = System/Library/Frameworks/Carbon.framework; sourceTree = SDKROOT; };
/* End PBXFileReference section */

/* Begin PBXFrameworksBuildPhase section */
		50EECAD815CAA82C006E54FA /* Frameworks */ = {
			isa = PBXFrameworksBuildPhase;
			buildActionMask = 2147483647;
			files = (
				F1C7850419FBE3C4008C2668 /* Carbon.framework in Frameworks */,
				F1403EE419F83F3D007086E2 /* myo.framework in Frameworks */,
				50EECAE015CAA82C006E54FA /* Cocoa.framework in Frameworks */,
			);
			runOnlyForDeploymentPostprocessing = 0;
		};
/* End PBXFrameworksBuildPhase section */

/* Begin PBXGroup section */
		50EECAD015CAA82C006E54FA = {
			isa = PBXGroup;
			children = (
				50EECAE515CAA82C006E54FA /* MyoFy */,
				50EECADE15CAA82C006E54FA /* Frameworks */,
				50EECADC15CAA82C006E54FA /* Products */,
			);
			sourceTree = "<group>";
		};
		50EECADC15CAA82C006E54FA /* Products */ = {
			isa = PBXGroup;
			children = (
				50EECADB15CAA82C006E54FA /* MyoFy.app */,
			);
			name = Products;
			sourceTree = "<group>";
		};
		50EECADE15CAA82C006E54FA /* Frameworks */ = {
			isa = PBXGroup;
			children = (
				F1C7850319FBE3C4008C2668 /* Carbon.framework */,
				F180BCE519F801B9005B29EF /* myo.framework */,
				50EECADF15CAA82C006E54FA /* Cocoa.framework */,
				50EECAE115CAA82C006E54FA /* Other Frameworks */,
			);
			name = Frameworks;
			sourceTree = "<group>";
		};
		50EECAE115CAA82C006E54FA /* Other Frameworks */ = {
			isa = PBXGroup;
			children = (
				50EECAE215CAA82C006E54FA /* AppKit.framework */,
				50EECAE315CAA82C006E54FA /* CoreData.framework */,
				50EECAE415CAA82C006E54FA /* Foundation.framework */,
			);
			name = "Other Frameworks";
			sourceTree = "<group>";
		};
		50EECAE515CAA82C006E54FA /* MyoFy */ = {
			isa = PBXGroup;
			children = (
				F180BCE819F8031B005B29EF /* MyoHelper */,
				50EECAF115CAA82C006E54FA /* AppDelegate.h */,
				50EECAF215CAA82C006E54FA /* AppDelegate.m */,
				50EECAF415CAA82C006E54FA /* MainMenu.xib */,
				50EECAE615CAA82C006E54FA /* Supporting Files */,
			);
			path = MyoFy;
			sourceTree = "<group>";
		};
		50EECAE615CAA82C006E54FA /* Supporting Files */ = {
			isa = PBXGroup;
			children = (
				50EECAE715CAA82C006E54FA /* MyoFy-Info.plist */,
				50EECAE815CAA82C006E54FA /* InfoPlist.strings */,
				50EECAEB15CAA82C006E54FA /* main.m */,
				50EECAED15CAA82C006E54FA /* MyoFy-Prefix.pch */,
				50EECAEE15CAA82C006E54FA /* Credits.rtf */,
			);
			name = "Supporting Files";
			sourceTree = "<group>";
		};
		F180BCE819F8031B005B29EF /* MyoHelper */ = {
			isa = PBXGroup;
			children = (
				F180BCE919F8031B005B29EF /* MyoHelper.h */,
				F180BCEA19F8031B005B29EF /* MyoHelper.mm */,
			);
			path = MyoHelper;
			sourceTree = "<group>";
		};
/* End PBXGroup section */

/* Begin PBXNativeTarget section */
		50EECADA15CAA82C006E54FA /* MyoFy */ = {
			isa = PBXNativeTarget;
			buildConfigurationList = 50EECAF915CAA82C006E54FA /* Build configuration list for PBXNativeTarget "MyoFy" */;
			buildPhases = (
				50EECAD715CAA82C006E54FA /* Sources */,
				50EECAD815CAA82C006E54FA /* Frameworks */,
				50EECAD915CAA82C006E54FA /* Resources */,
				50EECB0C15CAA86D006E54FA /* Copy Frameworks */,
			);
			buildRules = (
			);
			dependencies = (
			);
			name = MyoFy;
			productName = "Empty CocoaLibSpotify Project";
			productReference = 50EECADB15CAA82C006E54FA /* MyoFy.app */;
			productType = "com.apple.product-type.application";
		};
/* End PBXNativeTarget section */

/* Begin PBXProject section */
		50EECAD215CAA82C006E54FA /* Project object */ = {
			isa = PBXProject;
			attributes = {
				LastUpgradeCheck = 0440;
				ORGANIZATIONNAME = "Your Company";
			};
			buildConfigurationList = 50EECAD515CAA82C006E54FA /* Build configuration list for PBXProject "MyoFy" */;
			compatibilityVersion = "Xcode 3.2";
			developmentRegion = English;
			hasScannedForEncodings = 0;
			knownRegions = (
				en,
			);
			mainGroup = 50EECAD015CAA82C006E54FA;
			productRefGroup = 50EECADC15CAA82C006E54FA /* Products */;
			projectDirPath = "";
			projectRoot = "";
			targets = (
				50EECADA15CAA82C006E54FA /* MyoFy */,
			);
		};
/* End PBXProject section */

/* Begin PBXResourcesBuildPhase section */
		50EECAD915CAA82C006E54FA /* Resources */ = {
			isa = PBXResourcesBuildPhase;
			buildActionMask = 2147483647;
			files = (
				50EECAEA15CAA82C006E54FA /* InfoPlist.strings in Resources */,
				50EECAF015CAA82C006E54FA /* Credits.rtf in Resources */,
				50EECAF615CAA82C006E54FA /* MainMenu.xib in Resources */,
			);
			runOnlyForDeploymentPostprocessing = 0;
		};
/* End PBXResourcesBuildPhase section */

/* Begin PBXSourcesBuildPhase section */
		50EECAD715CAA82C006E54FA /* Sources */ = {
			isa = PBXSourcesBuildPhase;
			buildActionMask = 2147483647;
			files = (
				50EECAEC15CAA82C006E54FA /* main.m in Sources */,
				F180BCEB19F8031B005B29EF /* MyoHelper.mm in Sources */,
				50EECAF315CAA82C006E54FA /* AppDelegate.m in Sources */,
			);
			runOnlyForDeploymentPostprocessing = 0;
		};
/* End PBXSourcesBuildPhase section */

/* Begin PBXVariantGroup section */
		50EECAE815CAA82C006E54FA /* InfoPlist.strings */ = {
			isa = PBXVariantGroup;
			children = (
				50EECAE915CAA82C006E54FA /* en */,
			);
			name = InfoPlist.strings;
			sourceTree = "<group>";
		};
		50EECAEE15CAA82C006E54FA /* Credits.rtf */ = {
			isa = PBXVariantGroup;
			children = (
				50EECAEF15CAA82C006E54FA /* en */,
			);
			name = Credits.rtf;
			sourceTree = "<group>";
		};
		50EECAF415CAA82C006E54FA /* MainMenu.xib */ = {
			isa = PBXVariantGroup;
			children = (
				50EECAF515CAA82C006E54FA /* en */,
			);
			name = MainMenu.xib;
			sourceTree = "<group>";
		};
/* End PBXVariantGroup section */

/* Begin XCBuildConfiguration section */
		50EECAF715CAA82C006E54FA /* Debug */ = {
			isa = XCBuildConfiguration;
			buildSettings = {
				ALWAYS_SEARCH_USER_PATHS = NO;
				ARCHS = "$(ARCHS_STANDARD_64_BIT)";
				CLANG_CXX_LANGUAGE_STANDARD = "gnu++0x";
				CLANG_ENABLE_OBJC_ARC = YES;
				CLANG_WARN__DUPLICATE_METHOD_MATCH = YES;
				COPY_PHASE_STRIP = NO;
				GCC_C_LANGUAGE_STANDARD = gnu99;
				GCC_DYNAMIC_NO_PIC = NO;
				GCC_ENABLE_OBJC_EXCEPTIONS = YES;
				GCC_OPTIMIZATION_LEVEL = 0;
				GCC_PREPROCESSOR_DEFINITIONS = (
					"DEBUG=1",
					"$(inherited)",
				);
				GCC_SYMBOLS_PRIVATE_EXTERN = NO;
				GCC_WARN_64_TO_32_BIT_CONVERSION = YES;
				GCC_WARN_ABOUT_RETURN_TYPE = YES;
				GCC_WARN_UNINITIALIZED_AUTOS = YES;
				GCC_WARN_UNUSED_VARIABLE = YES;
				MACOSX_DEPLOYMENT_TARGET = 10.8;
				ONLY_ACTIVE_ARCH = YES;
				SDKROOT = macosx;
			};
			name = Debug;
		};
		50EECAF815CAA82C006E54FA /* Release */ = {
			isa = XCBuildConfiguration;
			buildSettings = {
				ALWAYS_SEARCH_USER_PATHS = NO;
				ARCHS = "$(ARCHS_STANDARD_64_BIT)";
				CLANG_CXX_LANGUAGE_STANDARD = "gnu++0x";
				CLANG_ENABLE_OBJC_ARC = YES;
				CLANG_WARN__DUPLICATE_METHOD_MATCH = YES;
				COPY_PHASE_STRIP = YES;
				DEBUG_INFORMATION_FORMAT = "dwarf-with-dsym";
				GCC_C_LANGUAGE_STANDARD = gnu99;
				GCC_ENABLE_OBJC_EXCEPTIONS = YES;
				GCC_WARN_64_TO_32_BIT_CONVERSION = YES;
				GCC_WARN_ABOUT_RETURN_TYPE = YES;
				GCC_WARN_UNINITIALIZED_AUTOS = YES;
				GCC_WARN_UNUSED_VARIABLE = YES;
				MACOSX_DEPLOYMENT_TARGET = 10.8;
				SDKROOT = macosx;
			};
			name = Release;
		};
		50EECAFA15CAA82C006E54FA /* Debug */ = {
			isa = XCBuildConfiguration;
			buildSettings = {
				COMBINE_HIDPI_IMAGES = YES;
				FRAMEWORK_SEARCH_PATHS = (
					"$(CONFIGURATION_BUILD_DIR)/CocoaLibSpotify.framework/Versions/Frameworks",
					"$(PROJECT_DIR)/MyoFy",
				);
				GCC_PRECOMPILE_PREFIX_HEADER = YES;
				GCC_PREFIX_HEADER = "MyoFy/MyoFy-Prefix.pch";
				INFOPLIST_FILE = "MyoFy/MyoFy-Info.plist";
				LD_RUNPATH_SEARCH_PATHS = "@loader_path/../Frameworks @executable_path/../Frameworks";
				PRODUCT_NAME = MyoFy;
				WRAPPER_EXTENSION = app;
			};
			name = Debug;
		};
		50EECAFB15CAA82C006E54FA /* Release */ = {
			isa = XCBuildConfiguration;
			buildSettings = {
				COMBINE_HIDPI_IMAGES = YES;
				FRAMEWORK_SEARCH_PATHS = (
					"$(CONFIGURATION_BUILD_DIR)/CocoaLibSpotify.framework/Versions/Frameworks",
					"$(PROJECT_DIR)/MyoFy",
				);
				GCC_PRECOMPILE_PREFIX_HEADER = YES;
				GCC_PREFIX_HEADER = "MyoFy/MyoFy-Prefix.pch";
				INFOPLIST_FILE = "MyoFy/MyoFy-Info.plist";
				LD_RUNPATH_SEARCH_PATHS = "@loader_path/../Frameworks @executable_path/../Frameworks";
				PRODUCT_NAME = MyoFy;
				WRAPPER_EXTENSION = app;
			};
			name = Release;
		};
/* End XCBuildConfiguration section */

/* Begin XCConfigurationList section */
		50EECAD515CAA82C006E54FA /* Build configuration list for PBXProject "MyoFy" */ = {
			isa = XCConfigurationList;
			buildConfigurations = (
				50EECAF715CAA82C006E54FA /* Debug */,
				50EECAF815CAA82C006E54FA /* Release */,
			);
			defaultConfigurationIsVisible = 0;
			defaultConfigurationName = Release;
		};
		50EECAF915CAA82C006E54FA /* Build configuration list for PBXNativeTarget "MyoFy" */ = {
			isa = XCConfigurationList;
			buildConfigurations = (
				50EECAFA15CAA82C006E54FA /* Debug */,
				50EECAFB15CAA82C006E54FA /* Release */,
			);
			defaultConfigurationIsVisible = 0;
			defaultConfigurationName = Release;
		};
/* End XCConfigurationList section */
	};
	rootObject = 50EECAD215CAA82C006E54FA /* Project object */;
}
